
Microsoft Visual Studio Solution File, Format Version 12.00
# Visual Studio Version 16
VisualStudioVersion = 16.0.30225.117
MinimumVisualStudioVersion = 10.0.40219.1
Project("{2150E333-8FDC-42A3-9474-1A3956D46DE8}") = "src", "src", "{383DE469-3B72-4F51-A8F1-84BEBA12566F}"
EndProject
Project("{2150E333-8FDC-42A3-9474-1A3956D46DE8}") = "tests", "tests", "{9E14A9E4-AC91-43C8-86AF-1D39EF6B1D4E}"
EndProject
Project("{2150E333-8FDC-42A3-9474-1A3956D46DE8}") = "BuildBlocks", "BuildBlocks", "{617E39E4-C640-4195-A5BB-5F100D5A15BA}"
EndProject
Project("{2150E333-8FDC-42A3-9474-1A3956D46DE8}") = "ApiGateWays", "ApiGateWays", "{99E119F1-D723-4F23-ACF2-B909D9E54D51}"
EndProject
Project("{2150E333-8FDC-42A3-9474-1A3956D46DE8}") = "Services", "Services", "{7035B08E-DAB6-4CEA-B31B-64367158B0A7}"
EndProject
Project("{2150E333-8FDC-42A3-9474-1A3956D46DE8}") = "WebApps", "WebApps", "{B5E0CEAA-32C9-4D77-866A-EFF311703049}"
EndProject
Project("{2150E333-8FDC-42A3-9474-1A3956D46DE8}") = "Identity", "Identity", "{AE1A2D39-3643-4339-A47A-6E082CCBE81A}"
EndProject
Project("{FAE04EC0-301F-11D3-BF4B-00C04F79EFBC}") = "Identity.API", "src\Services\Identity\Identity.API\Identity.API.csproj", "{738CFD5D-5156-4AA1-BCB0-E7B9F18751DF}"
EndProject
Project("{2150E333-8FDC-42A3-9474-1A3956D46DE8}") = "Payment", "Payment", "{FC76E184-9B37-4047-8C62-49180E5FFFF7}"
EndProject
Project("{FAE04EC0-301F-11D3-BF4B-00C04F79EFBC}") = "Payment.API", "src\Services\Payment\Payment.API\Payment.API.csproj", "{3AEB8E47-99C4-4A96-B570-88D9B96E7DD8}"
EndProject
Project("{2150E333-8FDC-42A3-9474-1A3956D46DE8}") = "Policy", "Policy", "{62895B7A-F2C8-4C04-806E-DA64FF0AA75A}"
EndProject
Project("{FAE04EC0-301F-11D3-BF4B-00C04F79EFBC}") = "Policy.API", "src\Services\Policy\Policy.API\Policy.API.csproj", "{1C4ACA7A-B979-46AA-99DE-CB7D215C9EF0}"
EndProject
Project("{FAE04EC0-301F-11D3-BF4B-00C04F79EFBC}") = "ApiGateWay", "src\ApiGateWays\ApiGateWay\ApiGateWay.csproj", "{7EAB2EF0-3DA0-4BD7-8A37-18E0DA1F630E}"
EndProject
Project("{FAE04EC0-301F-11D3-BF4B-00C04F79EFBC}") = "ManagerMVC", "src\WebApps\ManagerMVC\ManagerMVC.csproj", "{B8A6C155-AE89-46F5-AAE3-2D7BF64AD1DB}"
EndProject
Project("{FAE04EC0-301F-11D3-BF4B-00C04F79EFBC}") = "UserMVC", "src\WebApps\UserMVC\UserMVC.csproj", "{EDF92461-860D-47C2-933D-925334967FFF}"
EndProject
Project("{FAE04EC0-301F-11D3-BF4B-00C04F79EFBC}") = "UserSAP", "src\WebApps\UserSAP\UserSAP.csproj", "{184016CD-8904-438D-81C3-2E9F1237DBF5}"
EndProject
Project("{2150E333-8FDC-42A3-9474-1A3956D46DE8}") = "Capital", "Capital", "{D256CAF4-D717-4EEB-AB4E-34663F84E7B1}"
EndProject
Project("{2150E333-8FDC-42A3-9474-1A3956D46DE8}") = "Statistic", "Statistic", "{64F1EC9E-CA6D-4D45-B772-57037710A1B3}"
EndProject
Project("{FAE04EC0-301F-11D3-BF4B-00C04F79EFBC}") = "Capital.API", "src\Services\Capital\Capital.API\Capital.API.csproj", "{57ED1819-09B6-44FF-918A-769BCC914AE1}"
EndProject
Project("{FAE04EC0-301F-11D3-BF4B-00C04F79EFBC}") = "Statistic.API", "src\Services\Statistic\Statistic.API\Statistic.API.csproj", "{EB795A1D-0045-43F2-8CC5-0C67B4B77A56}"
EndProject
Project("{2150E333-8FDC-42A3-9474-1A3956D46DE8}") = "EventBus", "EventBus", "{79EE70A4-3CAB-44C6-8C29-DF1FD7D76081}"
EndProject
Project("{2150E333-8FDC-42A3-9474-1A3956D46DE8}") = "RPC", "RPC", "{8363EA19-C53F-4362-89D8-19EFD3FC4BBD}"
EndProject
Project("{2150E333-8FDC-42A3-9474-1A3956D46DE8}") = "Util", "Util", "{8E2B9153-1547-4F78-8485-60E12C7783EF}"
EndProject
Project("{2150E333-8FDC-42A3-9474-1A3956D46DE8}") = "Manage", "Manage", "{C9F246A4-11E5-4EDD-A67C-6642792A0449}"
EndProject
Project("{FAE04EC0-301F-11D3-BF4B-00C04F79EFBC}") = "Manage.API", "src\Services\Manage\Manage.API\Manage.API.csproj", "{2CFB5A8A-8A09-44F2-BDB0-CA7F539B989A}"
EndProject
Project("{2150E333-8FDC-42A3-9474-1A3956D46DE8}") = "Approve", "Approve", "{F63B623C-8D64-4AF6-939E-B9E3373EA110}"
EndProject
Project("{FAE04EC0-301F-11D3-BF4B-00C04F79EFBC}") = "Approve.API", "src\Services\Approve\Approve.API\Approve.API.csproj", "{553A8F8F-5153-4A72-8922-93F24F4296C9}"
EndProject
Project("{2150E333-8FDC-42A3-9474-1A3956D46DE8}") = "ThirdPartService", "ThirdPartService", "{7EC2830C-DDD6-42AC-B028-8418A92794A8}"
EndProject
Project("{2150E333-8FDC-42A3-9474-1A3956D46DE8}") = "Account", "Account", "{F2BC1984-C928-4D51-8C66-BDF2DD7F691E}"
EndProject
Project("{FAE04EC0-301F-11D3-BF4B-00C04F79EFBC}") = "Account.API", "src\Services\Account\Account.API\Account.API.csproj", "{4BD878CA-91B2-4773-A5BD-1C9B04D325D3}"
EndProject
Project("{2150E333-8FDC-42A3-9474-1A3956D46DE8}") = "Aggregator", "Aggregator", "{C90FAAE0-23C7-47A8-8533-2E169F1669F9}"
EndProject
Project("{FAE04EC0-301F-11D3-BF4B-00C04F79EFBC}") = "WebAggregator", "src\ApiGateWays\Aggregator\WebAggregator\WebAggregator.csproj", "{BCB909D6-BC27-4F40-9AE8-BAAE3E24FBC6}"
EndProject
Project("{2150E333-8FDC-42A3-9474-1A3956D46DE8}") = "Logging", "Logging", "{313F60F3-2188-4945-834B-2373DCC8DA39}"
EndProject
Project("{FAE04EC0-301F-11D3-BF4B-00C04F79EFBC}") = "Logging.API", "src\Services\Logging\Logging.API\Logging.API.csproj", "{F2102C54-CC0F-4170-9B39-5A0ED66DFAFD}"
EndProject
Project("{FAE04EC0-301F-11D3-BF4B-00C04F79EFBC}") = "CapitalBeeb.API", "src\Services\Capital\CapitalBeeb.API\CapitalBeeb.API.csproj", "{45BE30EE-1A73-4E49-92A1-272DDAF9F868}"
EndProject
Project("{2150E333-8FDC-42A3-9474-1A3956D46DE8}") = "Contract", "Contract", "{CA83323A-A85F-4DFD-BD7B-E41AAE4FAB37}"
EndProject
Project("{FAE04EC0-301F-11D3-BF4B-00C04F79EFBC}") = "Contract.API", "src\Services\Contract\Contract.API\Contract.API.csproj", "{FCD69C0E-FF6D-4F43-8C60-9EF4A3210006}"
EndProject
Global
	GlobalSection(SolutionConfigurationPlatforms) = preSolution
		Debug|Any CPU = Debug|Any CPU
		Release|Any CPU = Release|Any CPU
	EndGlobalSection
	GlobalSection(ProjectConfigurationPlatforms) = postSolution
		{738CFD5D-5156-4AA1-BCB0-E7B9F18751DF}.Debug|Any CPU.ActiveCfg = Debug|Any CPU
		{738CFD5D-5156-4AA1-BCB0-E7B9F18751DF}.Debug|Any CPU.Build.0 = Debug|Any CPU
		{738CFD5D-5156-4AA1-BCB0-E7B9F18751DF}.Release|Any CPU.ActiveCfg = Release|Any CPU
		{738CFD5D-5156-4AA1-BCB0-E7B9F18751DF}.Release|Any CPU.Build.0 = Release|Any CPU
		{3AEB8E47-99C4-4A96-B570-88D9B96E7DD8}.Debug|Any CPU.ActiveCfg = Debug|Any CPU
		{3AEB8E47-99C4-4A96-B570-88D9B96E7DD8}.Debug|Any CPU.Build.0 = Debug|Any CPU
		{3AEB8E47-99C4-4A96-B570-88D9B96E7DD8}.Release|Any CPU.ActiveCfg = Release|Any CPU
		{3AEB8E47-99C4-4A96-B570-88D9B96E7DD8}.Release|Any CPU.Build.0 = Release|Any CPU
		{1C4ACA7A-B979-46AA-99DE-CB7D215C9EF0}.Debug|Any CPU.ActiveCfg = Debug|Any CPU
		{1C4ACA7A-B979-46AA-99DE-CB7D215C9EF0}.Debug|Any CPU.Build.0 = Debug|Any CPU
		{1C4ACA7A-B979-46AA-99DE-CB7D215C9EF0}.Release|Any CPU.ActiveCfg = Release|Any CPU
		{1C4ACA7A-B979-46AA-99DE-CB7D215C9EF0}.Release|Any CPU.Build.0 = Release|Any CPU
		{7EAB2EF0-3DA0-4BD7-8A37-18E0DA1F630E}.Debug|Any CPU.ActiveCfg = Debug|Any CPU
		{7EAB2EF0-3DA0-4BD7-8A37-18E0DA1F630E}.Debug|Any CPU.Build.0 = Debug|Any CPU
		{7EAB2EF0-3DA0-4BD7-8A37-18E0DA1F630E}.Release|Any CPU.ActiveCfg = Release|Any CPU
		{7EAB2EF0-3DA0-4BD7-8A37-18E0DA1F630E}.Release|Any CPU.Build.0 = Release|Any CPU
		{B8A6C155-AE89-46F5-AAE3-2D7BF64AD1DB}.Debug|Any CPU.ActiveCfg = Debug|Any CPU
		{B8A6C155-AE89-46F5-AAE3-2D7BF64AD1DB}.Debug|Any CPU.Build.0 = Debug|Any CPU
		{B8A6C155-AE89-46F5-AAE3-2D7BF64AD1DB}.Release|Any CPU.ActiveCfg = Release|Any CPU
		{B8A6C155-AE89-46F5-AAE3-2D7BF64AD1DB}.Release|Any CPU.Build.0 = Release|Any CPU
		{EDF92461-860D-47C2-933D-925334967FFF}.Debug|Any CPU.ActiveCfg = Debug|Any CPU
		{EDF92461-860D-47C2-933D-925334967FFF}.Debug|Any CPU.Build.0 = Debug|Any CPU
		{EDF92461-860D-47C2-933D-925334967FFF}.Release|Any CPU.ActiveCfg = Release|Any CPU
		{EDF92461-860D-47C2-933D-925334967FFF}.Release|Any CPU.Build.0 = Release|Any CPU
		{184016CD-8904-438D-81C3-2E9F1237DBF5}.Debug|Any CPU.ActiveCfg = Debug|Any CPU
		{184016CD-8904-438D-81C3-2E9F1237DBF5}.Debug|Any CPU.Build.0 = Debug|Any CPU
		{184016CD-8904-438D-81C3-2E9F1237DBF5}.Release|Any CPU.ActiveCfg = Release|Any CPU
		{184016CD-8904-438D-81C3-2E9F1237DBF5}.Release|Any CPU.Build.0 = Release|Any CPU
		{57ED1819-09B6-44FF-918A-769BCC914AE1}.Debug|Any CPU.ActiveCfg = Debug|Any CPU
		{57ED1819-09B6-44FF-918A-769BCC914AE1}.Debug|Any CPU.Build.0 = Debug|Any CPU
		{57ED1819-09B6-44FF-918A-769BCC914AE1}.Release|Any CPU.ActiveCfg = Release|Any CPU
		{57ED1819-09B6-44FF-918A-769BCC914AE1}.Release|Any CPU.Build.0 = Release|Any CPU
		{EB795A1D-0045-43F2-8CC5-0C67B4B77A56}.Debug|Any CPU.ActiveCfg = Debug|Any CPU
		{EB795A1D-0045-43F2-8CC5-0C67B4B77A56}.Debug|Any CPU.Build.0 = Debug|Any CPU
		{EB795A1D-0045-43F2-8CC5-0C67B4B77A56}.Release|Any CPU.ActiveCfg = Release|Any CPU
		{EB795A1D-0045-43F2-8CC5-0C67B4B77A56}.Release|Any CPU.Build.0 = Release|Any CPU
		{2CFB5A8A-8A09-44F2-BDB0-CA7F539B989A}.Debug|Any CPU.ActiveCfg = Debug|Any CPU
		{2CFB5A8A-8A09-44F2-BDB0-CA7F539B989A}.Debug|Any CPU.Build.0 = Debug|Any CPU
		{2CFB5A8A-8A09-44F2-BDB0-CA7F539B989A}.Release|Any CPU.ActiveCfg = Release|Any CPU
		{2CFB5A8A-8A09-44F2-BDB0-CA7F539B989A}.Release|Any CPU.Build.0 = Release|Any CPU
		{553A8F8F-5153-4A72-8922-93F24F4296C9}.Debug|Any CPU.ActiveCfg = Debug|Any CPU
		{553A8F8F-5153-4A72-8922-93F24F4296C9}.Debug|Any CPU.Build.0 = Debug|Any CPU
		{553A8F8F-5153-4A72-8922-93F24F4296C9}.Release|Any CPU.ActiveCfg = Release|Any CPU
		{553A8F8F-5153-4A72-8922-93F24F4296C9}.Release|Any CPU.Build.0 = Release|Any CPU
		{4BD878CA-91B2-4773-A5BD-1C9B04D325D3}.Debug|Any CPU.ActiveCfg = Debug|Any CPU
		{4BD878CA-91B2-4773-A5BD-1C9B04D325D3}.Debug|Any CPU.Build.0 = Debug|Any CPU
		{4BD878CA-91B2-4773-A5BD-1C9B04D325D3}.Release|Any CPU.ActiveCfg = Release|Any CPU
		{4BD878CA-91B2-4773-A5BD-1C9B04D325D3}.Release|Any CPU.Build.0 = Release|Any CPU
		{BCB909D6-BC27-4F40-9AE8-BAAE3E24FBC6}.Debug|Any CPU.ActiveCfg = Debug|Any CPU
		{BCB909D6-BC27-4F40-9AE8-BAAE3E24FBC6}.Debug|Any CPU.Build.0 = Debug|Any CPU
		{BCB909D6-BC27-4F40-9AE8-BAAE3E24FBC6}.Release|Any CPU.ActiveCfg = Release|Any CPU
		{BCB909D6-BC27-4F40-9AE8-BAAE3E24FBC6}.Release|Any CPU.Build.0 = Release|Any CPU
		{F2102C54-CC0F-4170-9B39-5A0ED66DFAFD}.Debug|Any CPU.ActiveCfg = Debug|Any CPU
		{F2102C54-CC0F-4170-9B39-5A0ED66DFAFD}.Debug|Any CPU.Build.0 = Debug|Any CPU
		{F2102C54-CC0F-4170-9B39-5A0ED66DFAFD}.Release|Any CPU.ActiveCfg = Release|Any CPU
		{F2102C54-CC0F-4170-9B39-5A0ED66DFAFD}.Release|Any CPU.Build.0 = Release|Any CPU
		{45BE30EE-1A73-4E49-92A1-272DDAF9F868}.Debug|Any CPU.ActiveCfg = Debug|Any CPU
		{45BE30EE-1A73-4E49-92A1-272DDAF9F868}.Debug|Any CPU.Build.0 = Debug|Any CPU
		{45BE30EE-1A73-4E49-92A1-272DDAF9F868}.Release|Any CPU.ActiveCfg = Release|Any CPU
		{45BE30EE-1A73-4E49-92A1-272DDAF9F868}.Release|Any CPU.Build.0 = Release|Any CPU
		{FCD69C0E-FF6D-4F43-8C60-9EF4A3210006}.Debug|Any CPU.ActiveCfg = Debug|Any CPU
		{FCD69C0E-FF6D-4F43-8C60-9EF4A3210006}.Debug|Any CPU.Build.0 = Debug|Any CPU
		{FCD69C0E-FF6D-4F43-8C60-9EF4A3210006}.Release|Any CPU.ActiveCfg = Release|Any CPU
		{FCD69C0E-FF6D-4F43-8C60-9EF4A3210006}.Release|Any CPU.Build.0 = Release|Any CPU
	EndGlobalSection
	GlobalSection(SolutionProperties) = preSolution
		HideSolutionNode = FALSE
	EndGlobalSection
	GlobalSection(NestedProjects) = preSolution
		{617E39E4-C640-4195-A5BB-5F100D5A15BA} = {383DE469-3B72-4F51-A8F1-84BEBA12566F}
		{99E119F1-D723-4F23-ACF2-B909D9E54D51} = {383DE469-3B72-4F51-A8F1-84BEBA12566F}
		{7035B08E-DAB6-4CEA-B31B-64367158B0A7} = {383DE469-3B72-4F51-A8F1-84BEBA12566F}
		{B5E0CEAA-32C9-4D77-866A-EFF311703049} = {383DE469-3B72-4F51-A8F1-84BEBA12566F}
		{AE1A2D39-3643-4339-A47A-6E082CCBE81A} = {7035B08E-DAB6-4CEA-B31B-64367158B0A7}
		{738CFD5D-5156-4AA1-BCB0-E7B9F18751DF} = {AE1A2D39-3643-4339-A47A-6E082CCBE81A}
		{FC76E184-9B37-4047-8C62-49180E5FFFF7} = {7035B08E-DAB6-4CEA-B31B-64367158B0A7}
		{3AEB8E47-99C4-4A96-B570-88D9B96E7DD8} = {FC76E184-9B37-4047-8C62-49180E5FFFF7}
		{62895B7A-F2C8-4C04-806E-DA64FF0AA75A} = {7035B08E-DAB6-4CEA-B31B-64367158B0A7}
		{1C4ACA7A-B979-46AA-99DE-CB7D215C9EF0} = {62895B7A-F2C8-4C04-806E-DA64FF0AA75A}
		{7EAB2EF0-3DA0-4BD7-8A37-18E0DA1F630E} = {99E119F1-D723-4F23-ACF2-B909D9E54D51}
		{B8A6C155-AE89-46F5-AAE3-2D7BF64AD1DB} = {B5E0CEAA-32C9-4D77-866A-EFF311703049}
		{EDF92461-860D-47C2-933D-925334967FFF} = {B5E0CEAA-32C9-4D77-866A-EFF311703049}
		{184016CD-8904-438D-81C3-2E9F1237DBF5} = {B5E0CEAA-32C9-4D77-866A-EFF311703049}
		{D256CAF4-D717-4EEB-AB4E-34663F84E7B1} = {7035B08E-DAB6-4CEA-B31B-64367158B0A7}
		{64F1EC9E-CA6D-4D45-B772-57037710A1B3} = {7035B08E-DAB6-4CEA-B31B-64367158B0A7}
		{57ED1819-09B6-44FF-918A-769BCC914AE1} = {D256CAF4-D717-4EEB-AB4E-34663F84E7B1}
		{EB795A1D-0045-43F2-8CC5-0C67B4B77A56} = {64F1EC9E-CA6D-4D45-B772-57037710A1B3}
		{79EE70A4-3CAB-44C6-8C29-DF1FD7D76081} = {617E39E4-C640-4195-A5BB-5F100D5A15BA}
		{8363EA19-C53F-4362-89D8-19EFD3FC4BBD} = {617E39E4-C640-4195-A5BB-5F100D5A15BA}
		{8E2B9153-1547-4F78-8485-60E12C7783EF} = {617E39E4-C640-4195-A5BB-5F100D5A15BA}
		{C9F246A4-11E5-4EDD-A67C-6642792A0449} = {7035B08E-DAB6-4CEA-B31B-64367158B0A7}
		{2CFB5A8A-8A09-44F2-BDB0-CA7F539B989A} = {C9F246A4-11E5-4EDD-A67C-6642792A0449}
		{F63B623C-8D64-4AF6-939E-B9E3373EA110} = {7035B08E-DAB6-4CEA-B31B-64367158B0A7}
		{553A8F8F-5153-4A72-8922-93F24F4296C9} = {F63B623C-8D64-4AF6-939E-B9E3373EA110}
		{7EC2830C-DDD6-42AC-B028-8418A92794A8} = {617E39E4-C640-4195-A5BB-5F100D5A15BA}
		{F2BC1984-C928-4D51-8C66-BDF2DD7F691E} = {7035B08E-DAB6-4CEA-B31B-64367158B0A7}
		{4BD878CA-91B2-4773-A5BD-1C9B04D325D3} = {F2BC1984-C928-4D51-8C66-BDF2DD7F691E}
		{C90FAAE0-23C7-47A8-8533-2E169F1669F9} = {99E119F1-D723-4F23-ACF2-B909D9E54D51}
		{BCB909D6-BC27-4F40-9AE8-BAAE3E24FBC6} = {C90FAAE0-23C7-47A8-8533-2E169F1669F9}
		{313F60F3-2188-4945-834B-2373DCC8DA39} = {7035B08E-DAB6-4CEA-B31B-64367158B0A7}
		{F2102C54-CC0F-4170-9B39-5A0ED66DFAFD} = {313F60F3-2188-4945-834B-2373DCC8DA39}
		{45BE30EE-1A73-4E49-92A1-272DDAF9F868} = {D256CAF4-D717-4EEB-AB4E-34663F84E7B1}
		{CA83323A-A85F-4DFD-BD7B-E41AAE4FAB37} = {7035B08E-DAB6-4CEA-B31B-64367158B0A7}
		{FCD69C0E-FF6D-4F43-8C60-9EF4A3210006} = {CA83323A-A85F-4DFD-BD7B-E41AAE4FAB37}
	EndGlobalSection
	GlobalSection(ExtensibilityGlobals) = postSolution
		SolutionGuid = {BC0B3EDD-61C3-4997-AB04-F6B27F94DEB7}
	EndGlobalSection
EndGlobal
